// !$*UTF8*$!
{
	archiveVersion = 1;
	classes = {
	};
	objectVersion = 56;
	objects = {

/* Begin PBXBuildFile section */
		7B5C12652C055EC40096DE9E /* AppDelegate.swift in Sources */ = {isa = PBXBuildFile; fileRef = 7B5C12642C055EC40096DE9E /* AppDelegate.swift */; };
		7B5C12672C055EC40096DE9E /* SceneDelegate.swift in Sources */ = {isa = PBXBuildFile; fileRef = 7B5C12662C055EC40096DE9E /* SceneDelegate.swift */; };
		7B5C12692C055EC40096DE9E /* ViewController.swift in Sources */ = {isa = PBXBuildFile; fileRef = 7B5C12682C055EC40096DE9E /* ViewController.swift */; };
		7B5C126C2C055EC40096DE9E /* Base in Resources */ = {isa = PBXBuildFile; fileRef = 7B5C126B2C055EC40096DE9E /* Base */; };
		7B5C126E2C055EC50096DE9E /* Assets.xcassets in Resources */ = {isa = PBXBuildFile; fileRef = 7B5C126D2C055EC50096DE9E /* Assets.xcassets */; };
		7B5C12712C055EC50096DE9E /* Base in Resources */ = {isa = PBXBuildFile; fileRef = 7B5C12702C055EC50096DE9E /* Base */; };
		7B5C12792C05602F0096DE9E /* Home.storyboard in Resources */ = {isa = PBXBuildFile; fileRef = 7B5C12782C05602F0096DE9E /* Home.storyboard */; };
		7B5C127B2C0560360096DE9E /* Search.storyboard in Resources */ = {isa = PBXBuildFile; fileRef = 7B5C127A2C0560360096DE9E /* Search.storyboard */; };
		7B5C127D2C0560430096DE9E /* Setting.storyboard in Resources */ = {isa = PBXBuildFile; fileRef = 7B5C127C2C0560430096DE9E /* Setting.storyboard */; };
		7B5C12822C0563AC0096DE9E /* HomeViewController.swift in Sources */ = {isa = PBXBuildFile; fileRef = 7B5C12812C0563AC0096DE9E /* HomeViewController.swift */; };
		7B5C12842C0563BE0096DE9E /* SearchViewController.swift in Sources */ = {isa = PBXBuildFile; fileRef = 7B5C12832C0563BE0096DE9E /* SearchViewController.swift */; };
		7B5C12862C0563C70096DE9E /* SettingViewController.swift in Sources */ = {isa = PBXBuildFile; fileRef = 7B5C12852C0563C70096DE9E /* SettingViewController.swift */; };
		7B5C12882C0564200096DE9E /* .gitignore in Resources */ = {isa = PBXBuildFile; fileRef = 7B5C12872C0564200096DE9E /* .gitignore */; };
		7B5C128B2C0565A90096DE9E /* UIViewController+.swift in Sources */ = {isa = PBXBuildFile; fileRef = 7B5C128A2C0565A90096DE9E /* UIViewController+.swift */; };
		7B5C128F2C0579DF0096DE9E /* SampleTableViewCell.xib in Resources */ = {isa = PBXBuildFile; fileRef = 7B5C128E2C0579DF0096DE9E /* SampleTableViewCell.xib */; };
		7B5C12902C0579DF0096DE9E /* SampleTableViewCell.swift in Sources */ = {isa = PBXBuildFile; fileRef = 7B5C128D2C0579DF0096DE9E /* SampleTableViewCell.swift */; };
		7B5C12932C05A18F0096DE9E /* TravelModel.swift in Sources */ = {isa = PBXBuildFile; fileRef = 7B5C12922C05A18F0096DE9E /* TravelModel.swift */; };
		7B5C12962C05A6650096DE9E /* Kingfisher in Frameworks */ = {isa = PBXBuildFile; productRef = 7B5C12952C05A6650096DE9E /* Kingfisher */; };
/* End PBXBuildFile section */

/* Begin PBXFileReference section */
		7B5C12612C055EC40096DE9E /* SeSacWeek3.app */ = {isa = PBXFileReference; explicitFileType = wrapper.application; includeInIndex = 0; path = SeSacWeek3.app; sourceTree = BUILT_PRODUCTS_DIR; };
		7B5C12642C055EC40096DE9E /* AppDelegate.swift */ = {isa = PBXFileReference; lastKnownFileType = sourcecode.swift; path = AppDelegate.swift; sourceTree = "<group>"; };
		7B5C12662C055EC40096DE9E /* SceneDelegate.swift */ = {isa = PBXFileReference; lastKnownFileType = sourcecode.swift; path = SceneDelegate.swift; sourceTree = "<group>"; };
		7B5C12682C055EC40096DE9E /* ViewController.swift */ = {isa = PBXFileReference; lastKnownFileType = sourcecode.swift; path = ViewController.swift; sourceTree = "<group>"; };
		7B5C126B2C055EC40096DE9E /* Base */ = {isa = PBXFileReference; lastKnownFileType = file.storyboard; name = Base; path = Base.lproj/Main.storyboard; sourceTree = "<group>"; };
		7B5C126D2C055EC50096DE9E /* Assets.xcassets */ = {isa = PBXFileReference; lastKnownFileType = folder.assetcatalog; path = Assets.xcassets; sourceTree = "<group>"; };
		7B5C12702C055EC50096DE9E /* Base */ = {isa = PBXFileReference; lastKnownFileType = file.storyboard; name = Base; path = Base.lproj/LaunchScreen.storyboard; sourceTree = "<group>"; };
		7B5C12722C055EC50096DE9E /* Info.plist */ = {isa = PBXFileReference; lastKnownFileType = text.plist.xml; path = Info.plist; sourceTree = "<group>"; };
		7B5C12782C05602F0096DE9E /* Home.storyboard */ = {isa = PBXFileReference; lastKnownFileType = file.storyboard; path = Home.storyboard; sourceTree = "<group>"; };
		7B5C127A2C0560360096DE9E /* Search.storyboard */ = {isa = PBXFileReference; lastKnownFileType = file.storyboard; path = Search.storyboard; sourceTree = "<group>"; };
		7B5C127C2C0560430096DE9E /* Setting.storyboard */ = {isa = PBXFileReference; lastKnownFileType = file.storyboard; path = Setting.storyboard; sourceTree = "<group>"; };
		7B5C12812C0563AC0096DE9E /* HomeViewController.swift */ = {isa = PBXFileReference; lastKnownFileType = sourcecode.swift; path = HomeViewController.swift; sourceTree = "<group>"; };
		7B5C12832C0563BE0096DE9E /* SearchViewController.swift */ = {isa = PBXFileReference; lastKnownFileType = sourcecode.swift; path = SearchViewController.swift; sourceTree = "<group>"; };
		7B5C12852C0563C70096DE9E /* SettingViewController.swift */ = {isa = PBXFileReference; lastKnownFileType = sourcecode.swift; path = SettingViewController.swift; sourceTree = "<group>"; };
		7B5C12872C0564200096DE9E /* .gitignore */ = {isa = PBXFileReference; lastKnownFileType = text; path = .gitignore; sourceTree = "<group>"; };
		7B5C128A2C0565A90096DE9E /* UIViewController+.swift */ = {isa = PBXFileReference; lastKnownFileType = sourcecode.swift; path = "UIViewController+.swift"; sourceTree = "<group>"; };
		7B5C128D2C0579DF0096DE9E /* SampleTableViewCell.swift */ = {isa = PBXFileReference; lastKnownFileType = sourcecode.swift; path = SampleTableViewCell.swift; sourceTree = "<group>"; };
		7B5C128E2C0579DF0096DE9E /* SampleTableViewCell.xib */ = {isa = PBXFileReference; lastKnownFileType = file.xib; path = SampleTableViewCell.xib; sourceTree = "<group>"; };
		7B5C12922C05A18F0096DE9E /* TravelModel.swift */ = {isa = PBXFileReference; fileEncoding = 4; lastKnownFileType = sourcecode.swift; path = TravelModel.swift; sourceTree = "<group>"; };
/* End PBXFileReference section */

/* Begin PBXFrameworksBuildPhase section */
		7B5C125E2C055EC40096DE9E /* Frameworks */ = {
			isa = PBXFrameworksBuildPhase;
			buildActionMask = 2147483647;
			files = (
				7B5C12962C05A6650096DE9E /* Kingfisher in Frameworks */,
			);
			runOnlyForDeploymentPostprocessing = 0;
		};
/* End PBXFrameworksBuildPhase section */

/* Begin PBXGroup section */
		7B5C12582C055EC40096DE9E = {
			isa = PBXGroup;
			children = (
				7B5C12872C0564200096DE9E /* .gitignore */,
				7B5C12632C055EC40096DE9E /* SeSacWeek3 */,
				7B5C12622C055EC40096DE9E /* Products */,
			);
			sourceTree = "<group>";
		};
		7B5C12622C055EC40096DE9E /* Products */ = {
			isa = PBXGroup;
			children = (
				7B5C12612C055EC40096DE9E /* SeSacWeek3.app */,
			);
			name = Products;
			sourceTree = "<group>";
		};
		7B5C12632C055EC40096DE9E /* SeSacWeek3 */ = {
			isa = PBXGroup;
			children = (
				7B5C12912C05A1830096DE9E /* Dummy */,
				7B5C128C2C05799C0096DE9E /* Cell */,
				7B5C127E2C05633E0096DE9E /* Home */,
				7B5C127F2C0563620096DE9E /* Search */,
				7B5C12802C05636A0096DE9E /* Setting */,
				7B5C12892C0565830096DE9E /* Extension */,
				7B5C12642C055EC40096DE9E /* AppDelegate.swift */,
				7B5C12662C055EC40096DE9E /* SceneDelegate.swift */,
				7B5C12682C055EC40096DE9E /* ViewController.swift */,
				7B5C126A2C055EC40096DE9E /* Main.storyboard */,
				7B5C12782C05602F0096DE9E /* Home.storyboard */,
				7B5C127A2C0560360096DE9E /* Search.storyboard */,
				7B5C127C2C0560430096DE9E /* Setting.storyboard */,
				7B5C126D2C055EC50096DE9E /* Assets.xcassets */,
				7B5C126F2C055EC50096DE9E /* LaunchScreen.storyboard */,
				7B5C12722C055EC50096DE9E /* Info.plist */,
			);
			path = SeSacWeek3;
			sourceTree = "<group>";
		};
		7B5C127E2C05633E0096DE9E /* Home */ = {
			isa = PBXGroup;
			children = (
				7B5C12812C0563AC0096DE9E /* HomeViewController.swift */,
			);
			path = Home;
			sourceTree = "<group>";
		};
		7B5C127F2C0563620096DE9E /* Search */ = {
			isa = PBXGroup;
			children = (
				7B5C12832C0563BE0096DE9E /* SearchViewController.swift */,
			);
			path = Search;
			sourceTree = "<group>";
		};
		7B5C12802C05636A0096DE9E /* Setting */ = {
			isa = PBXGroup;
			children = (
				7B5C12852C0563C70096DE9E /* SettingViewController.swift */,
			);
			path = Setting;
			sourceTree = "<group>";
		};
		7B5C12892C0565830096DE9E /* Extension */ = {
			isa = PBXGroup;
			children = (
				7B5C128A2C0565A90096DE9E /* UIViewController+.swift */,
			);
			path = Extension;
			sourceTree = "<group>";
		};
		7B5C128C2C05799C0096DE9E /* Cell */ = {
			isa = PBXGroup;
			children = (
				7B5C128D2C0579DF0096DE9E /* SampleTableViewCell.swift */,
				7B5C128E2C0579DF0096DE9E /* SampleTableViewCell.xib */,
			);
			path = Cell;
			sourceTree = "<group>";
		};
		7B5C12912C05A1830096DE9E /* Dummy */ = {
			isa = PBXGroup;
			children = (
				7B5C12922C05A18F0096DE9E /* TravelModel.swift */,
			);
			path = Dummy;
			sourceTree = "<group>";
		};
/* End PBXGroup section */

/* Begin PBXNativeTarget section */
		7B5C12602C055EC40096DE9E /* SeSacWeek3 */ = {
			isa = PBXNativeTarget;
			buildConfigurationList = 7B5C12752C055EC50096DE9E /* Build configuration list for PBXNativeTarget "SeSacWeek3" */;
			buildPhases = (
				7B5C125D2C055EC40096DE9E /* Sources */,
				7B5C125E2C055EC40096DE9E /* Frameworks */,
				7B5C125F2C055EC40096DE9E /* Resources */,
			);
			buildRules = (
			);
			dependencies = (
			);
			name = SeSacWeek3;
			packageProductDependencies = (
				7B5C12952C05A6650096DE9E /* Kingfisher */,
			);
			productName = SeSacWeek3;
			productReference = 7B5C12612C055EC40096DE9E /* SeSacWeek3.app */;
			productType = "com.apple.product-type.application";
		};
/* End PBXNativeTarget section */

/* Begin PBXProject section */
		7B5C12592C055EC40096DE9E /* Project object */ = {
			isa = PBXProject;
			attributes = {
				BuildIndependentTargetsInParallel = 1;
				LastSwiftUpdateCheck = 1540;
				LastUpgradeCheck = 1540;
				TargetAttributes = {
					7B5C12602C055EC40096DE9E = {
						CreatedOnToolsVersion = 15.4;
					};
				};
			};
			buildConfigurationList = 7B5C125C2C055EC40096DE9E /* Build configuration list for PBXProject "SeSacWeek3" */;
			compatibilityVersion = "Xcode 14.0";
			developmentRegion = en;
			hasScannedForEncodings = 0;
			knownRegions = (
				en,
				Base,
			);
			mainGroup = 7B5C12582C055EC40096DE9E;
			packageReferences = (
				7B5C12942C05A6650096DE9E /* XCRemoteSwiftPackageReference "Kingfisher" */,
			);
			productRefGroup = 7B5C12622C055EC40096DE9E /* Products */;
			projectDirPath = "";
			projectRoot = "";
			targets = (
				7B5C12602C055EC40096DE9E /* SeSacWeek3 */,
			);
		};
/* End PBXProject section */

/* Begin PBXResourcesBuildPhase section */
		7B5C125F2C055EC40096DE9E /* Resources */ = {
			isa = PBXResourcesBuildPhase;
			buildActionMask = 2147483647;
			files = (
				7B5C126E2C055EC50096DE9E /* Assets.xcassets in Resources */,
				7B5C12882C0564200096DE9E /* .gitignore in Resources */,
				7B5C12712C055EC50096DE9E /* Base in Resources */,
				7B5C126C2C055EC40096DE9E /* Base in Resources */,
				7B5C12792C05602F0096DE9E /* Home.storyboard in Resources */,
				7B5C128F2C0579DF0096DE9E /* SampleTableViewCell.xib in Resources */,
				7B5C127B2C0560360096DE9E /* Search.storyboard in Resources */,
				7B5C127D2C0560430096DE9E /* Setting.storyboard in Resources */,
			);
			runOnlyForDeploymentPostprocessing = 0;
		};
/* End PBXResourcesBuildPhase section */

/* Begin PBXSourcesBuildPhase section */
		7B5C125D2C055EC40096DE9E /* Sources */ = {
			isa = PBXSourcesBuildPhase;
			buildActionMask = 2147483647;
			files = (
				7B5C12842C0563BE0096DE9E /* SearchViewController.swift in Sources */,
				7B5C12902C0579DF0096DE9E /* SampleTableViewCell.swift in Sources */,
				7B5C12692C055EC40096DE9E /* ViewController.swift in Sources */,
				7B5C12932C05A18F0096DE9E /* TravelModel.swift in Sources */,
				7B5C12652C055EC40096DE9E /* AppDelegate.swift in Sources */,
				7B5C12672C055EC40096DE9E /* SceneDelegate.swift in Sources */,
				7B5C128B2C0565A90096DE9E /* UIViewController+.swift in Sources */,
				7B5C12822C0563AC0096DE9E /* HomeViewController.swift in Sources */,
				7B5C12862C0563C70096DE9E /* SettingViewController.swift in Sources */,
			);
			runOnlyForDeploymentPostprocessing = 0;
		};
/* End PBXSourcesBuildPhase section */

/* Begin PBXVariantGroup section */
		7B5C126A2C055EC40096DE9E /* Main.storyboard */ = {
			isa = PBXVariantGroup;
			children = (
				7B5C126B2C055EC40096DE9E /* Base */,
			);
			name = Main.storyboard;
			sourceTree = "<group>";
		};
		7B5C126F2C055EC50096DE9E /* LaunchScreen.storyboard */ = {
			isa = PBXVariantGroup;
			children = (
				7B5C12702C055EC50096DE9E /* Base */,
			);
			name = LaunchScreen.storyboard;
			sourceTree = "<group>";
		};
/* End PBXVariantGroup section */

/* Begin XCBuildConfiguration section */
		7B5C12732C055EC50096DE9E /* Debug */ = {
			isa = XCBuildConfiguration;
			buildSettings = {
				ALWAYS_SEARCH_USER_PATHS = NO;
				ASSETCATALOG_COMPILER_GENERATE_SWIFT_ASSET_SYMBOL_EXTENSIONS = YES;
				CLANG_ANALYZER_NONNULL = YES;
				CLANG_ANALYZER_NUMBER_OBJECT_CONVERSION = YES_AGGRESSIVE;
				CLANG_CXX_LANGUAGE_STANDARD = "gnu++20";
				CLANG_ENABLE_MODULES = YES;
				CLANG_ENABLE_OBJC_ARC = YES;
				CLANG_ENABLE_OBJC_WEAK = YES;
				CLANG_WARN_BLOCK_CAPTURE_AUTORELEASING = YES;
				CLANG_WARN_BOOL_CONVERSION = YES;
				CLANG_WARN_COMMA = YES;
				CLANG_WARN_CONSTANT_CONVERSION = YES;
				CLANG_WARN_DEPRECATED_OBJC_IMPLEMENTATIONS = YES;
				CLANG_WARN_DIRECT_OBJC_ISA_USAGE = YES_ERROR;
				CLANG_WARN_DOCUMENTATION_COMMENTS = YES;
				CLANG_WARN_EMPTY_BODY = YES;
				CLANG_WARN_ENUM_CONVERSION = YES;
				CLANG_WARN_INFINITE_RECURSION = YES;
				CLANG_WARN_INT_CONVERSION = YES;
				CLANG_WARN_NON_LITERAL_NULL_CONVERSION = YES;
				CLANG_WARN_OBJC_IMPLICIT_RETAIN_SELF = YES;
				CLANG_WARN_OBJC_LITERAL_CONVERSION = YES;
				CLANG_WARN_OBJC_ROOT_CLASS = YES_ERROR;
				CLANG_WARN_QUOTED_INCLUDE_IN_FRAMEWORK_HEADER = YES;
				CLANG_WARN_RANGE_LOOP_ANALYSIS = YES;
				CLANG_WARN_STRICT_PROTOTYPES = YES;
				CLANG_WARN_SUSPICIOUS_MOVE = YES;
				CLANG_WARN_UNGUARDED_AVAILABILITY = YES_AGGRESSIVE;
				CLANG_WARN_UNREACHABLE_CODE = YES;
				CLANG_WARN__DUPLICATE_METHOD_MATCH = YES;
				COPY_PHASE_STRIP = NO;
				DEBUG_INFORMATION_FORMAT = dwarf;
				ENABLE_STRICT_OBJC_MSGSEND = YES;
				ENABLE_TESTABILITY = YES;
				ENABLE_USER_SCRIPT_SANDBOXING = YES;
				GCC_C_LANGUAGE_STANDARD = gnu17;
				GCC_DYNAMIC_NO_PIC = NO;
				GCC_NO_COMMON_BLOCKS = YES;
				GCC_OPTIMIZATION_LEVEL = 0;
				GCC_PREPROCESSOR_DEFINITIONS = (
					"DEBUG=1",
					"$(inherited)",
				);
				GCC_WARN_64_TO_32_BIT_CONVERSION = YES;
				GCC_WARN_ABOUT_RETURN_TYPE = YES_ERROR;
				GCC_WARN_UNDECLARED_SELECTOR = YES;
				GCC_WARN_UNINITIALIZED_AUTOS = YES_AGGRESSIVE;
				GCC_WARN_UNUSED_FUNCTION = YES;
				GCC_WARN_UNUSED_VARIABLE = YES;
				IPHONEOS_DEPLOYMENT_TARGET = 17.5;
				LOCALIZATION_PREFERS_STRING_CATALOGS = YES;
				MTL_ENABLE_DEBUG_INFO = INCLUDE_SOURCE;
				MTL_FAST_MATH = YES;
				ONLY_ACTIVE_ARCH = YES;
				SDKROOT = iphoneos;
				SWIFT_ACTIVE_COMPILATION_CONDITIONS = "DEBUG $(inherited)";
				SWIFT_OPTIMIZATION_LEVEL = "-Onone";
			};
			name = Debug;
		};
		7B5C12742C055EC50096DE9E /* Release */ = {
			isa = XCBuildConfiguration;
			buildSettings = {
				ALWAYS_SEARCH_USER_PATHS = NO;
				ASSETCATALOG_COMPILER_GENERATE_SWIFT_ASSET_SYMBOL_EXTENSIONS = YES;
				CLANG_ANALYZER_NONNULL = YES;
				CLANG_ANALYZER_NUMBER_OBJECT_CONVERSION = YES_AGGRESSIVE;
				CLANG_CXX_LANGUAGE_STANDARD = "gnu++20";
				CLANG_ENABLE_MODULES = YES;
				CLANG_ENABLE_OBJC_ARC = YES;
				CLANG_ENABLE_OBJC_WEAK = YES;
				CLANG_WARN_BLOCK_CAPTURE_AUTORELEASING = YES;
				CLANG_WARN_BOOL_CONVERSION = YES;
				CLANG_WARN_COMMA = YES;
				CLANG_WARN_CONSTANT_CONVERSION = YES;
				CLANG_WARN_DEPRECATED_OBJC_IMPLEMENTATIONS = YES;
				CLANG_WARN_DIRECT_OBJC_ISA_USAGE = YES_ERROR;
				CLANG_WARN_DOCUMENTATION_COMMENTS = YES;
				CLANG_WARN_EMPTY_BODY = YES;
				CLANG_WARN_ENUM_CONVERSION = YES;
				CLANG_WARN_INFINITE_RECURSION = YES;
				CLANG_WARN_INT_CONVERSION = YES;
				CLANG_WARN_NON_LITERAL_NULL_CONVERSION = YES;
				CLANG_WARN_OBJC_IMPLICIT_RETAIN_SELF = YES;
				CLANG_WARN_OBJC_LITERAL_CONVERSION = YES;
				CLANG_WARN_OBJC_ROOT_CLASS = YES_ERROR;
				CLANG_WARN_QUOTED_INCLUDE_IN_FRAMEWORK_HEADER = YES;
				CLANG_WARN_RANGE_LOOP_ANALYSIS = YES;
				CLANG_WARN_STRICT_PROTOTYPES = YES;
				CLANG_WARN_SUSPICIOUS_MOVE = YES;
				CLANG_WARN_UNGUARDED_AVAILABILITY = YES_AGGRESSIVE;
				CLANG_WARN_UNREACHABLE_CODE = YES;
				CLANG_WARN__DUPLICATE_METHOD_MATCH = YES;
				COPY_PHASE_STRIP = NO;
				DEBUG_INFORMATION_FORMAT = "dwarf-with-dsym";
				ENABLE_NS_ASSERTIONS = NO;
				ENABLE_STRICT_OBJC_MSGSEND = YES;
				ENABLE_USER_SCRIPT_SANDBOXING = YES;
				GCC_C_LANGUAGE_STANDARD = gnu17;
				GCC_NO_COMMON_BLOCKS = YES;
				GCC_WARN_64_TO_32_BIT_CONVERSION = YES;
				GCC_WARN_ABOUT_RETURN_TYPE = YES_ERROR;
				GCC_WARN_UNDECLARED_SELECTOR = YES;
				GCC_WARN_UNINITIALIZED_AUTOS = YES_AGGRESSIVE;
				GCC_WARN_UNUSED_FUNCTION = YES;
				GCC_WARN_UNUSED_VARIABLE = YES;
				IPHONEOS_DEPLOYMENT_TARGET = 17.5;
				LOCALIZATION_PREFERS_STRING_CATALOGS = YES;
				MTL_ENABLE_DEBUG_INFO = NO;
				MTL_FAST_MATH = YES;
				SDKROOT = iphoneos;
				SWIFT_COMPILATION_MODE = wholemodule;
				VALIDATE_PRODUCT = YES;
			};
			name = Release;
		};
		7B5C12762C055EC50096DE9E /* Debug */ = {
			isa = XCBuildConfiguration;
			buildSettings = {
				ASSETCATALOG_COMPILER_APPICON_NAME = AppIcon;
				ASSETCATALOG_COMPILER_GLOBAL_ACCENT_COLOR_NAME = AccentColor;
				CODE_SIGN_STYLE = Automatic;
				CURRENT_PROJECT_VERSION = 1;
				DEVELOPMENT_TEAM = T62JF6T7Q4;
				GENERATE_INFOPLIST_FILE = YES;
				INFOPLIST_FILE = SeSacWeek3/Info.plist;
				INFOPLIST_KEY_UIApplicationSupportsIndirectInputEvents = YES;
				INFOPLIST_KEY_UILaunchStoryboardName = LaunchScreen;
				INFOPLIST_KEY_UIMainStoryboardFile = Main;
				INFOPLIST_KEY_UISupportedInterfaceOrientations = UIInterfaceOrientationPortrait;
				INFOPLIST_KEY_UISupportedInterfaceOrientations_iPad = "UIInterfaceOrientationLandscapeLeft UIInterfaceOrientationLandscapeRight UIInterfaceOrientationPortrait UIInterfaceOrientationPortraitUpsideDown";
				IPHONEOS_DEPLOYMENT_TARGET = 17.0;
				LD_RUNPATH_SEARCH_PATHS = (
					"$(inherited)",
					"@executable_path/Frameworks",
				);
				MARKETING_VERSION = 1.0;
				PRODUCT_BUNDLE_IDENTIFIER = kr.co.kmj.SeSacWeek3;
				PRODUCT_NAME = "$(TARGET_NAME)";
				SUPPORTED_PLATFORMS = "iphoneos iphonesimulator";
				SUPPORTS_MACCATALYST = NO;
				SUPPORTS_MAC_DESIGNED_FOR_IPHONE_IPAD = NO;
				SUPPORTS_XR_DESIGNED_FOR_IPHONE_IPAD = NO;
				SWIFT_EMIT_LOC_STRINGS = YES;
				SWIFT_VERSION = 5.0;
				TARGETED_DEVICE_FAMILY = 1;
			};
			name = Debug;
		};
		7B5C12772C055EC50096DE9E /* Release */ = {
			isa = XCBuildConfiguration;
			buildSettings = {
				ASSETCATALOG_COMPILER_APPICON_NAME = AppIcon;
				ASSETCATALOG_COMPILER_GLOBAL_ACCENT_COLOR_NAME = AccentColor;
				CODE_SIGN_STYLE = Automatic;
				CURRENT_PROJECT_VERSION = 1;
				DEVELOPMENT_TEAM = T62JF6T7Q4;
				GENERATE_INFOPLIST_FILE = YES;
				INFOPLIST_FILE = SeSacWeek3/Info.plist;
				INFOPLIST_KEY_UIApplicationSupportsIndirectInputEvents = YES;
				INFOPLIST_KEY_UILaunchStoryboardName = LaunchScreen;
				INFOPLIST_KEY_UIMainStoryboardFile = Main;
				INFOPLIST_KEY_UISupportedInterfaceOrientations = UIInterfaceOrientationPortrait;
				INFOPLIST_KEY_UISupportedInterfaceOrientations_iPad = "UIInterfaceOrientationLandscapeLeft UIInterfaceOrientationLandscapeRight UIInterfaceOrientationPortrait UIInterfaceOrientationPortraitUpsideDown";
				IPHONEOS_DEPLOYMENT_TARGET = 17.0;
				LD_RUNPATH_SEARCH_PATHS = (
					"$(inherited)",
					"@executable_path/Frameworks",
				);
				MARKETING_VERSION = 1.0;
				PRODUCT_BUNDLE_IDENTIFIER = kr.co.kmj.SeSacWeek3;
				PRODUCT_NAME = "$(TARGET_NAME)";
				SUPPORTED_PLATFORMS = "iphoneos iphonesimulator";
				SUPPORTS_MACCATALYST = NO;
				SUPPORTS_MAC_DESIGNED_FOR_IPHONE_IPAD = NO;
				SUPPORTS_XR_DESIGNED_FOR_IPHONE_IPAD = NO;
				SWIFT_EMIT_LOC_STRINGS = YES;
				SWIFT_VERSION = 5.0;
				TARGETED_DEVICE_FAMILY = 1;
			};
			name = Release;
		};
/* End XCBuildConfiguration section */

/* Begin XCConfigurationList section */
		7B5C125C2C055EC40096DE9E /* Build configuration list for PBXProject "SeSacWeek3" */ = {
			isa = XCConfigurationList;
			buildConfigurations = (
				7B5C12732C055EC50096DE9E /* Debug */,
				7B5C12742C055EC50096DE9E /* Release */,
			);
			defaultConfigurationIsVisible = 0;
			defaultConfigurationName = Release;
		};
		7B5C12752C055EC50096DE9E /* Build configuration list for PBXNativeTarget "SeSacWeek3" */ = {
			isa = XCConfigurationList;
			buildConfigurations = (
				7B5C12762C055EC50096DE9E /* Debug */,
				7B5C12772C055EC50096DE9E /* Release */,
			);
			defaultConfigurationIsVisible = 0;
			defaultConfigurationName = Release;
		};
/* End XCConfigurationList section */

/* Begin XCRemoteSwiftPackageReference section */
		7B5C12942C05A6650096DE9E /* XCRemoteSwiftPackageReference "Kingfisher" */ = {
			isa = XCRemoteSwiftPackageReference;
			repositoryURL = "https://github.com/onevcat/Kingfisher.git";
			requirement = {
				kind = upToNextMajorVersion;
				minimumVersion = 7.11.0;
			};
		};
/* End XCRemoteSwiftPackageReference section */

/* Begin XCSwiftPackageProductDependency section */
		7B5C12952C05A6650096DE9E /* Kingfisher */ = {
			isa = XCSwiftPackageProductDependency;
			package = 7B5C12942C05A6650096DE9E /* XCRemoteSwiftPackageReference "Kingfisher" */;
			productName = Kingfisher;
		};
/* End XCSwiftPackageProductDependency section */
	};
	rootObject = 7B5C12592C055EC40096DE9E /* Project object */;
}
